schema: '2.0'
stages:
  data_ingestion:
    cmd: python src/data_modelling/data_ingestion.py
    deps:
    - path: config.yaml
      hash: md5
      md5: 2be82a50404634717a66b7c504b5ee9d
      size: 697
    - path: src/data_modelling/data_ingestion.py
      hash: md5
      md5: d0f8d832ceb88ea018e9d6bc6219236f
      size: 3480
  data_preprocessing:
    cmd: python src/data_modelling/data_preprocess.py
    deps:
    - path: config.yaml
      hash: md5
      md5: 2be82a50404634717a66b7c504b5ee9d
      size: 697
    - path: src/data_modelling/data_preprocess.py
      hash: md5
      md5: 7f50b8e4181aa456d48c221879b25462
      size: 5020
  model_building:
    cmd: python src/mod/model_build.py
    deps:
    - path: config.yaml
      hash: md5
      md5: 2be82a50404634717a66b7c504b5ee9d
      size: 697
    - path: src/mod/model_build.py
      hash: md5
      md5: 22435e1dab35877d19cd1fd6499fdd0a
      size: 4920
  evaluation:
    cmd: python src/mod/model_evaluation.py
    deps:
    - path: config.yaml
      hash: md5
      md5: 2be82a50404634717a66b7c504b5ee9d
      size: 697
    - path: src/mod/model_evaluation.py
      hash: md5
      md5: 4e3c7a78c869aceac0e7853e3cf5a4f8
      size: 6736
